# THIS IS AN AUTOGENERATED FILE. DO NOT EDIT THIS FILE DIRECTLY.
# yarn lockfile v1


react-native-actionsheet@^2.4.2:
  version "2.4.2"
  resolved "https://registry.yarnpkg.com/react-native-actionsheet/-/react-native-actionsheet-2.4.2.tgz#6a00dd51a75ef2c8974312130e405af73191500f"
  integrity sha512-DBoWIvVwuWXuptF4t46pBqkFxaUxS+rsIdHiA05t0n4BdTIDV2R4s9bLEUVOGzb94D7VxIamsXZPA/3mmw+SXg==
